
Microsoft Visual Studio Solution File, Format Version 12.00
Project("{FAE04EC0-301F-11D3-BF4B-00C04F79EFBC}") = "BogusExample", "BogusExample\BogusExample.csproj", "{F65BEC0C-F64D-4FD0-9431-3D286FFE8219}"
EndProject
Project("{FAE04EC0-301F-11D3-BF4B-00C04F79EFBC}") = "BogusExample2", "BogusExample2\BogusExample2.csproj", "{4D41EB18-969B-4D43-879F-6B0D1946B2FD}"
EndProject
Global
	GlobalSection(SolutionConfigurationPlatforms) = preSolution
		Debug|Any CPU = Debug|Any CPU
		Release|Any CPU = Release|Any CPU
	EndGlobalSection
	GlobalSection(ProjectConfigurationPlatforms) = postSolution
		{F65BEC0C-F64D-4FD0-9431-3D286FFE8219}.Debug|Any CPU.ActiveCfg = Debug|Any CPU
		{F65BEC0C-F64D-4FD0-9431-3D286FFE8219}.Debug|Any CPU.Build.0 = Debug|Any CPU
		{F65BEC0C-F64D-4FD0-9431-3D286FFE8219}.Release|Any CPU.ActiveCfg = Release|Any CPU
		{F65BEC0C-F64D-4FD0-9431-3D286FFE8219}.Release|Any CPU.Build.0 = Release|Any CPU
		{4D41EB18-969B-4D43-879F-6B0D1946B2FD}.Debug|Any CPU.ActiveCfg = Debug|Any CPU
		{4D41EB18-969B-4D43-879F-6B0D1946B2FD}.Debug|Any CPU.Build.0 = Debug|Any CPU
		{4D41EB18-969B-4D43-879F-6B0D1946B2FD}.Release|Any CPU.ActiveCfg = Release|Any CPU
		{4D41EB18-969B-4D43-879F-6B0D1946B2FD}.Release|Any CPU.Build.0 = Release|Any CPU
	EndGlobalSection
EndGlobal
